<?xml version="1.0" encoding="utf-8"?>
<Project ToolsVersion="4.0" xmlns="http://schemas.microsoft.com/developer/msbuild/2003">
  <ItemGroup>
    <Filter Include="Archivos de origen">
      <UniqueIdentifier>{4FC737F1-C7A5-4376-A066-2A32D752A2FF}</UniqueIdentifier>
      <Extensions>cpp;c;cc;cxx;c++;cppm;ixx;def;odl;idl;hpj;bat;asm;asmx</Extensions>
    </Filter>
    <Filter Include="Archivos de encabezado">
      <UniqueIdentifier>{93995380-89BD-4b04-88EB-625FBE52EBFB}</UniqueIdentifier>
      <Extensions>h;hh;hpp;hxx;h++;hm;inl;inc;ipp;xsd</Extensions>
    </Filter>
    <Filter Include="Archivos de recursos">
      <UniqueIdentifier>{67DA6AB6-F800-4c08-8B7A-83BB121AAD01}</UniqueIdentifier>
      <Extensions>rc;ico;cur;bmp;dlg;rc2;rct;bin;rgs;gif;jpg;jpeg;jpe;resx;tiff;tif;png;wav;mfcribbon-ms</Extensions>
    </Filter>
    <Filter Include="hpp">
      <UniqueIdentifier>{fd476a0c-a3e4-4e59-bbd3-0371c4948237}</UniqueIdentifier>
    </Filter>
    <Filter Include="lib">
      <UniqueIdentifier>{e9a00ecd-b720-45fa-9451-6ce2abfb2055}</UniqueIdentifier>
    </Filter>
    <Filter Include="src">
      <UniqueIdentifier>{03daf5ea-d4d4-4e43-beec-aa2ed09c42c9}</UniqueIdentifier>
    </Filter>
  </ItemGroup>
  <ItemGroup>
    <ClCompile Include="src\main.cpp">
      <Filter>src</Filter>
    </ClCompile>
  </ItemGroup>
  <ItemGroup>
    <ClInclude Include="lib\crow_all.h">
      <Filter>lib</Filter>
    </ClInclude>
    <ClInclude Include="hpp\nodos.hpp">
      <Filter>hpp</Filter>
    </ClInclude>
    <ClInclude Include="hpp\listas.hpp">
      <Filter>hpp</Filter>
    </ClInclude>
    <ClInclude Include="hpp\clases.hpp">
      <Filter>hpp</Filter>
    </ClInclude>
  </ItemGroup>
</Project>